{
  "originHash" : "da87e42933fd9dd87d81b5052dc1aa8466ce1783d4d45bb4ed531b8649992e13",
  "pins" : [
    {
      "identity" : "swift-log",
      "kind" : "remoteSourceControl",
      "location" : "https://github.com/apple/swift-log",
      "state" : {
        "revision" : "2aed77ae5ec9a86d8fe42c12275e4c2653a286ee",
        "version" : "1.13.1"
      }
    }
  ],
  "version" : 3
}
